// !$*UTF8*$!
{
	archiveVersion = 1;
	classes = {
	};
	objectVersion = 56;
	objects = {

/* Begin PBXBuildFile section */
		3985BDD529CDEE840001A1F3 /* AppDelegate.swift in Sources */ = {isa = PBXBuildFile; fileRef = 3985BDD429CDEE840001A1F3 /* AppDelegate.swift */; };
		3985BDD729CDEE840001A1F3 /* SceneDelegate.swift in Sources */ = {isa = PBXBuildFile; fileRef = 3985BDD629CDEE840001A1F3 /* SceneDelegate.swift */; };
		3985BDD929CDEE840001A1F3 /* SearchTableViewController.swift in Sources */ = {isa = PBXBuildFile; fileRef = 3985BDD829CDEE840001A1F3 /* SearchTableViewController.swift */; };
		3985BDDC29CDEE840001A1F3 /* Main.storyboard in Resources */ = {isa = PBXBuildFile; fileRef = 3985BDDA29CDEE840001A1F3 /* Main.storyboard */; };
		3985BDDE29CDEE840001A1F3 /* Assets.xcassets in Resources */ = {isa = PBXBuildFile; fileRef = 3985BDDD29CDEE840001A1F3 /* Assets.xcassets */; };
		3985BDE129CDEE840001A1F3 /* LaunchScreen.storyboard in Resources */ = {isa = PBXBuildFile; fileRef = 3985BDDF29CDEE840001A1F3 /* LaunchScreen.storyboard */; };
		3985BDEA29CDF0810001A1F3 /* MBProgressHUD in Frameworks */ = {isa = PBXBuildFile; productRef = 3985BDE929CDF0810001A1F3 /* MBProgressHUD */; };
		3985BDED29CDF0CE0001A1F3 /* Loaf in Frameworks */ = {isa = PBXBuildFile; productRef = 3985BDEC29CDF0CE0001A1F3 /* Loaf */; };
		398B2BFA29CF0DA700977CA4 /* SearchTableViewCell.swift in Sources */ = {isa = PBXBuildFile; fileRef = 398B2BF929CF0DA700977CA4 /* SearchTableViewCell.swift */; };
		398B2C0029CF156A00977CA4 /* APIService.swift in Sources */ = {isa = PBXBuildFile; fileRef = 398B2BFF29CF156A00977CA4 /* APIService.swift */; };
		398B2C0329CF158900977CA4 /* APIKeys.swift in Sources */ = {isa = PBXBuildFile; fileRef = 398B2C0229CF158900977CA4 /* APIKeys.swift */; };
		39E0FADB29D066590081E169 /* SearchResults.swift in Sources */ = {isa = PBXBuildFile; fileRef = 39E0FADA29D066590081E169 /* SearchResults.swift */; };
/* End PBXBuildFile section */

/* Begin PBXFileReference section */
		3985BDD129CDEE840001A1F3 /* dca-calculator-demo.app */ = {isa = PBXFileReference; explicitFileType = wrapper.application; includeInIndex = 0; path = "dca-calculator-demo.app"; sourceTree = BUILT_PRODUCTS_DIR; };
		3985BDD429CDEE840001A1F3 /* AppDelegate.swift */ = {isa = PBXFileReference; lastKnownFileType = sourcecode.swift; path = AppDelegate.swift; sourceTree = "<group>"; };
		3985BDD629CDEE840001A1F3 /* SceneDelegate.swift */ = {isa = PBXFileReference; lastKnownFileType = sourcecode.swift; path = SceneDelegate.swift; sourceTree = "<group>"; };
		3985BDD829CDEE840001A1F3 /* SearchTableViewController.swift */ = {isa = PBXFileReference; lastKnownFileType = sourcecode.swift; path = SearchTableViewController.swift; sourceTree = "<group>"; };
		3985BDDB29CDEE840001A1F3 /* Base */ = {isa = PBXFileReference; lastKnownFileType = file.storyboard; name = Base; path = Base.lproj/Main.storyboard; sourceTree = "<group>"; };
		3985BDDD29CDEE840001A1F3 /* Assets.xcassets */ = {isa = PBXFileReference; lastKnownFileType = folder.assetcatalog; path = Assets.xcassets; sourceTree = "<group>"; };
		3985BDE029CDEE840001A1F3 /* Base */ = {isa = PBXFileReference; lastKnownFileType = file.storyboard; name = Base; path = Base.lproj/LaunchScreen.storyboard; sourceTree = "<group>"; };
		3985BDE229CDEE840001A1F3 /* Info.plist */ = {isa = PBXFileReference; lastKnownFileType = text.plist.xml; path = Info.plist; sourceTree = "<group>"; };
		398B2BF929CF0DA700977CA4 /* SearchTableViewCell.swift */ = {isa = PBXFileReference; lastKnownFileType = sourcecode.swift; path = SearchTableViewCell.swift; sourceTree = "<group>"; };
		398B2BFF29CF156A00977CA4 /* APIService.swift */ = {isa = PBXFileReference; lastKnownFileType = sourcecode.swift; path = APIService.swift; sourceTree = "<group>"; };
		398B2C0229CF158900977CA4 /* APIKeys.swift */ = {isa = PBXFileReference; lastKnownFileType = sourcecode.swift; path = APIKeys.swift; sourceTree = "<group>"; };
		39E0FADA29D066590081E169 /* SearchResults.swift */ = {isa = PBXFileReference; lastKnownFileType = sourcecode.swift; path = SearchResults.swift; sourceTree = "<group>"; };
/* End PBXFileReference section */

/* Begin PBXFrameworksBuildPhase section */
		3985BDCE29CDEE840001A1F3 /* Frameworks */ = {
			isa = PBXFrameworksBuildPhase;
			buildActionMask = 2147483647;
			files = (
				3985BDED29CDF0CE0001A1F3 /* Loaf in Frameworks */,
				3985BDEA29CDF0810001A1F3 /* MBProgressHUD in Frameworks */,
			);
			runOnlyForDeploymentPostprocessing = 0;
		};
/* End PBXFrameworksBuildPhase section */

/* Begin PBXGroup section */
		3985BDC829CDEE840001A1F3 = {
			isa = PBXGroup;
			children = (
				3985BDD329CDEE840001A1F3 /* dca-calculator-demo */,
				3985BDD229CDEE840001A1F3 /* Products */,
			);
			sourceTree = "<group>";
		};
		3985BDD229CDEE840001A1F3 /* Products */ = {
			isa = PBXGroup;
			children = (
				3985BDD129CDEE840001A1F3 /* dca-calculator-demo.app */,
			);
			name = Products;
			sourceTree = "<group>";
		};
		3985BDD329CDEE840001A1F3 /* dca-calculator-demo */ = {
			isa = PBXGroup;
			children = (
				3985BDD429CDEE840001A1F3 /* AppDelegate.swift */,
				3985BDD629CDEE840001A1F3 /* SceneDelegate.swift */,
				398B2C0129CF157F00977CA4 /* Private */,
				39E0FAD929D0664B0081E169 /* Model */,
				398B2BFE29CF14BF00977CA4 /* Service */,
				39F0453A29D315B200F4323F /* Controller */,
				398B2BF929CF0DA700977CA4 /* SearchTableViewCell.swift */,
				3985BDDA29CDEE840001A1F3 /* Main.storyboard */,
				3985BDDD29CDEE840001A1F3 /* Assets.xcassets */,
				3985BDDF29CDEE840001A1F3 /* LaunchScreen.storyboard */,
				3985BDE229CDEE840001A1F3 /* Info.plist */,
			);
			path = "dca-calculator-demo";
			sourceTree = "<group>";
		};
		398B2BFE29CF14BF00977CA4 /* Service */ = {
			isa = PBXGroup;
			children = (
				398B2BFF29CF156A00977CA4 /* APIService.swift */,
			);
			path = Service;
			sourceTree = "<group>";
		};
		398B2C0129CF157F00977CA4 /* Private */ = {
			isa = PBXGroup;
			children = (
				398B2C0229CF158900977CA4 /* APIKeys.swift */,
			);
			path = Private;
			sourceTree = "<group>";
		};
		39E0FAD929D0664B0081E169 /* Model */ = {
			isa = PBXGroup;
			children = (
				39E0FADA29D066590081E169 /* SearchResults.swift */,
			);
			path = Model;
			sourceTree = "<group>";
		};
		39F0453A29D315B200F4323F /* Controller */ = {
			isa = PBXGroup;
			children = (
				3985BDD829CDEE840001A1F3 /* SearchTableViewController.swift */,
			);
			path = Controller;
			sourceTree = "<group>";
		};
/* End PBXGroup section */

/* Begin PBXNativeTarget section */
		3985BDD029CDEE840001A1F3 /* dca-calculator-demo */ = {
			isa = PBXNativeTarget;
			buildConfigurationList = 3985BDE529CDEE840001A1F3 /* Build configuration list for PBXNativeTarget "dca-calculator-demo" */;
			buildPhases = (
				3985BDCD29CDEE840001A1F3 /* Sources */,
				3985BDCE29CDEE840001A1F3 /* Frameworks */,
				3985BDCF29CDEE840001A1F3 /* Resources */,
			);
			buildRules = (
			);
			dependencies = (
			);
			name = "dca-calculator-demo";
			packageProductDependencies = (
				3985BDE929CDF0810001A1F3 /* MBProgressHUD */,
				3985BDEC29CDF0CE0001A1F3 /* Loaf */,
			);
			productName = "dca-calculator-demo";
			productReference = 3985BDD129CDEE840001A1F3 /* dca-calculator-demo.app */;
			productType = "com.apple.product-type.application";
		};
/* End PBXNativeTarget section */

/* Begin PBXProject section */
		3985BDC929CDEE840001A1F3 /* Project object */ = {
			isa = PBXProject;
			attributes = {
				BuildIndependentTargetsInParallel = 1;
				LastSwiftUpdateCheck = 1430;
				LastUpgradeCheck = 1430;
				TargetAttributes = {
					3985BDD029CDEE840001A1F3 = {
						CreatedOnToolsVersion = 14.3;
					};
				};
			};
			buildConfigurationList = 3985BDCC29CDEE840001A1F3 /* Build configuration list for PBXProject "dca-calculator-demo" */;
			compatibilityVersion = "Xcode 14.0";
			developmentRegion = en;
			hasScannedForEncodings = 0;
			knownRegions = (
				en,
				Base,
			);
			mainGroup = 3985BDC829CDEE840001A1F3;
			packageReferences = (
				3985BDE829CDF0810001A1F3 /* XCRemoteSwiftPackageReference "MBProgressHUD" */,
				3985BDEB29CDF0CE0001A1F3 /* XCRemoteSwiftPackageReference "Loaf" */,
			);
			productRefGroup = 3985BDD229CDEE840001A1F3 /* Products */;
			projectDirPath = "";
			projectRoot = "";
			targets = (
				3985BDD029CDEE840001A1F3 /* dca-calculator-demo */,
			);
		};
/* End PBXProject section */

/* Begin PBXResourcesBuildPhase section */
		3985BDCF29CDEE840001A1F3 /* Resources */ = {
			isa = PBXResourcesBuildPhase;
			buildActionMask = 2147483647;
			files = (
				3985BDE129CDEE840001A1F3 /* LaunchScreen.storyboard in Resources */,
				3985BDDE29CDEE840001A1F3 /* Assets.xcassets in Resources */,
				3985BDDC29CDEE840001A1F3 /* Main.storyboard in Resources */,
			);
			runOnlyForDeploymentPostprocessing = 0;
		};
/* End PBXResourcesBuildPhase section */

/* Begin PBXSourcesBuildPhase section */
		3985BDCD29CDEE840001A1F3 /* Sources */ = {
			isa = PBXSourcesBuildPhase;
			buildActionMask = 2147483647;
			files = (
				398B2C0329CF158900977CA4 /* APIKeys.swift in Sources */,
				3985BDD929CDEE840001A1F3 /* SearchTableViewController.swift in Sources */,
				398B2C0029CF156A00977CA4 /* APIService.swift in Sources */,
				398B2BFA29CF0DA700977CA4 /* SearchTableViewCell.swift in Sources */,
				39E0FADB29D066590081E169 /* SearchResults.swift in Sources */,
				3985BDD529CDEE840001A1F3 /* AppDelegate.swift in Sources */,
				3985BDD729CDEE840001A1F3 /* SceneDelegate.swift in Sources */,
			);
			runOnlyForDeploymentPostprocessing = 0;
		};
/* End PBXSourcesBuildPhase section */

/* Begin PBXVariantGroup section */
		3985BDDA29CDEE840001A1F3 /* Main.storyboard */ = {
			isa = PBXVariantGroup;
			children = (
				3985BDDB29CDEE840001A1F3 /* Base */,
			);
			name = Main.storyboard;
			sourceTree = "<group>";
		};
		3985BDDF29CDEE840001A1F3 /* LaunchScreen.storyboard */ = {
			isa = PBXVariantGroup;
			children = (
				3985BDE029CDEE840001A1F3 /* Base */,
			);
			name = LaunchScreen.storyboard;
			sourceTree = "<group>";
		};
/* End PBXVariantGroup section */

/* Begin XCBuildConfiguration section */
		3985BDE329CDEE840001A1F3 /* Debug */ = {
			isa = XCBuildConfiguration;
			buildSettings = {
				ALWAYS_SEARCH_USER_PATHS = NO;
				CLANG_ANALYZER_NONNULL = YES;
				CLANG_ANALYZER_NUMBER_OBJECT_CONVERSION = YES_AGGRESSIVE;
				CLANG_CXX_LANGUAGE_STANDARD = "gnu++20";
				CLANG_ENABLE_MODULES = YES;
				CLANG_ENABLE_OBJC_ARC = YES;
				CLANG_ENABLE_OBJC_WEAK = YES;
				CLANG_WARN_BLOCK_CAPTURE_AUTORELEASING = YES;
				CLANG_WARN_BOOL_CONVERSION = YES;
				CLANG_WARN_COMMA = YES;
				CLANG_WARN_CONSTANT_CONVERSION = YES;
				CLANG_WARN_DEPRECATED_OBJC_IMPLEMENTATIONS = YES;
				CLANG_WARN_DIRECT_OBJC_ISA_USAGE = YES_ERROR;
				CLANG_WARN_DOCUMENTATION_COMMENTS = YES;
				CLANG_WARN_EMPTY_BODY = YES;
				CLANG_WARN_ENUM_CONVERSION = YES;
				CLANG_WARN_INFINITE_RECURSION = YES;
				CLANG_WARN_INT_CONVERSION = YES;
				CLANG_WARN_NON_LITERAL_NULL_CONVERSION = YES;
				CLANG_WARN_OBJC_IMPLICIT_RETAIN_SELF = YES;
				CLANG_WARN_OBJC_LITERAL_CONVERSION = YES;
				CLANG_WARN_OBJC_ROOT_CLASS = YES_ERROR;
				CLANG_WARN_QUOTED_INCLUDE_IN_FRAMEWORK_HEADER = YES;
				CLANG_WARN_RANGE_LOOP_ANALYSIS = YES;
				CLANG_WARN_STRICT_PROTOTYPES = YES;
				CLANG_WARN_SUSPICIOUS_MOVE = YES;
				CLANG_WARN_UNGUARDED_AVAILABILITY = YES_AGGRESSIVE;
				CLANG_WARN_UNREACHABLE_CODE = YES;
				CLANG_WARN__DUPLICATE_METHOD_MATCH = YES;
				COPY_PHASE_STRIP = NO;
				DEBUG_INFORMATION_FORMAT = dwarf;
				ENABLE_STRICT_OBJC_MSGSEND = YES;
				ENABLE_TESTABILITY = YES;
				GCC_C_LANGUAGE_STANDARD = gnu11;
				GCC_DYNAMIC_NO_PIC = NO;
				GCC_NO_COMMON_BLOCKS = YES;
				GCC_OPTIMIZATION_LEVEL = 0;
				GCC_PREPROCESSOR_DEFINITIONS = (
					"DEBUG=1",
					"$(inherited)",
				);
				GCC_WARN_64_TO_32_BIT_CONVERSION = YES;
				GCC_WARN_ABOUT_RETURN_TYPE = YES_ERROR;
				GCC_WARN_UNDECLARED_SELECTOR = YES;
				GCC_WARN_UNINITIALIZED_AUTOS = YES_AGGRESSIVE;
				GCC_WARN_UNUSED_FUNCTION = YES;
				GCC_WARN_UNUSED_VARIABLE = YES;
				IPHONEOS_DEPLOYMENT_TARGET = 15.0;
				MTL_ENABLE_DEBUG_INFO = INCLUDE_SOURCE;
				MTL_FAST_MATH = YES;
				ONLY_ACTIVE_ARCH = YES;
				SDKROOT = iphoneos;
				SWIFT_ACTIVE_COMPILATION_CONDITIONS = DEBUG;
				SWIFT_OPTIMIZATION_LEVEL = "-Onone";
			};
			name = Debug;
		};
		3985BDE429CDEE840001A1F3 /* Release */ = {
			isa = XCBuildConfiguration;
			buildSettings = {
				ALWAYS_SEARCH_USER_PATHS = NO;
				CLANG_ANALYZER_NONNULL = YES;
				CLANG_ANALYZER_NUMBER_OBJECT_CONVERSION = YES_AGGRESSIVE;
				CLANG_CXX_LANGUAGE_STANDARD = "gnu++20";
				CLANG_ENABLE_MODULES = YES;
				CLANG_ENABLE_OBJC_ARC = YES;
				CLANG_ENABLE_OBJC_WEAK = YES;
				CLANG_WARN_BLOCK_CAPTURE_AUTORELEASING = YES;
				CLANG_WARN_BOOL_CONVERSION = YES;
				CLANG_WARN_COMMA = YES;
				CLANG_WARN_CONSTANT_CONVERSION = YES;
				CLANG_WARN_DEPRECATED_OBJC_IMPLEMENTATIONS = YES;
				CLANG_WARN_DIRECT_OBJC_ISA_USAGE = YES_ERROR;
				CLANG_WARN_DOCUMENTATION_COMMENTS = YES;
				CLANG_WARN_EMPTY_BODY = YES;
				CLANG_WARN_ENUM_CONVERSION = YES;
				CLANG_WARN_INFINITE_RECURSION = YES;
				CLANG_WARN_INT_CONVERSION = YES;
				CLANG_WARN_NON_LITERAL_NULL_CONVERSION = YES;
				CLANG_WARN_OBJC_IMPLICIT_RETAIN_SELF = YES;
				CLANG_WARN_OBJC_LITERAL_CONVERSION = YES;
				CLANG_WARN_OBJC_ROOT_CLASS = YES_ERROR;
				CLANG_WARN_QUOTED_INCLUDE_IN_FRAMEWORK_HEADER = YES;
				CLANG_WARN_RANGE_LOOP_ANALYSIS = YES;
				CLANG_WARN_STRICT_PROTOTYPES = YES;
				CLANG_WARN_SUSPICIOUS_MOVE = YES;
				CLANG_WARN_UNGUARDED_AVAILABILITY = YES_AGGRESSIVE;
				CLANG_WARN_UNREACHABLE_CODE = YES;
				CLANG_WARN__DUPLICATE_METHOD_MATCH = YES;
				COPY_PHASE_STRIP = NO;
				DEBUG_INFORMATION_FORMAT = "dwarf-with-dsym";
				ENABLE_NS_ASSERTIONS = NO;
				ENABLE_STRICT_OBJC_MSGSEND = YES;
				GCC_C_LANGUAGE_STANDARD = gnu11;
				GCC_NO_COMMON_BLOCKS = YES;
				GCC_WARN_64_TO_32_BIT_CONVERSION = YES;
				GCC_WARN_ABOUT_RETURN_TYPE = YES_ERROR;
				GCC_WARN_UNDECLARED_SELECTOR = YES;
				GCC_WARN_UNINITIALIZED_AUTOS = YES_AGGRESSIVE;
				GCC_WARN_UNUSED_FUNCTION = YES;
				GCC_WARN_UNUSED_VARIABLE = YES;
				IPHONEOS_DEPLOYMENT_TARGET = 15.0;
				MTL_ENABLE_DEBUG_INFO = NO;
				MTL_FAST_MATH = YES;
				SDKROOT = iphoneos;
				SWIFT_COMPILATION_MODE = wholemodule;
				SWIFT_OPTIMIZATION_LEVEL = "-O";
				VALIDATE_PRODUCT = YES;
			};
			name = Release;
		};
		3985BDE629CDEE840001A1F3 /* Debug */ = {
			isa = XCBuildConfiguration;
			buildSettings = {
				ASSETCATALOG_COMPILER_APPICON_NAME = AppIcon;
				ASSETCATALOG_COMPILER_GLOBAL_ACCENT_COLOR_NAME = AccentColor;
				CODE_SIGN_STYLE = Automatic;
				CURRENT_PROJECT_VERSION = 1;
				DEVELOPMENT_TEAM = ZH5GA3W8UP;
				GENERATE_INFOPLIST_FILE = YES;
				INFOPLIST_FILE = "dca-calculator-demo/Info.plist";
				INFOPLIST_KEY_CFBundleDisplayName = "DCA계산기";
				INFOPLIST_KEY_LSApplicationCategoryType = "public.app-category.finance";
				INFOPLIST_KEY_UIApplicationSupportsIndirectInputEvents = YES;
				INFOPLIST_KEY_UILaunchStoryboardName = LaunchScreen;
				INFOPLIST_KEY_UIMainStoryboardFile = Main;
				INFOPLIST_KEY_UISupportedInterfaceOrientations_iPad = "UIInterfaceOrientationPortrait UIInterfaceOrientationPortraitUpsideDown UIInterfaceOrientationLandscapeLeft UIInterfaceOrientationLandscapeRight";
				INFOPLIST_KEY_UISupportedInterfaceOrientations_iPhone = "UIInterfaceOrientationPortrait UIInterfaceOrientationLandscapeLeft UIInterfaceOrientationLandscapeRight";
				IPHONEOS_DEPLOYMENT_TARGET = 15.0;
				LD_RUNPATH_SEARCH_PATHS = (
					"$(inherited)",
					"@executable_path/Frameworks",
				);
				MARKETING_VERSION = 0.1;
				PRODUCT_BUNDLE_IDENTIFIER = "dev.heon.dca-calculator-demo";
				PRODUCT_NAME = "$(TARGET_NAME)";
				SUPPORTED_PLATFORMS = "iphoneos iphonesimulator";
				SUPPORTS_MACCATALYST = NO;
				SUPPORTS_MAC_DESIGNED_FOR_IPHONE_IPAD = NO;
				SWIFT_EMIT_LOC_STRINGS = YES;
				SWIFT_VERSION = 5.0;
				TARGETED_DEVICE_FAMILY = "1,2";
			};
			name = Debug;
		};
		3985BDE729CDEE840001A1F3 /* Release */ = {
			isa = XCBuildConfiguration;
			buildSettings = {
				ASSETCATALOG_COMPILER_APPICON_NAME = AppIcon;
				ASSETCATALOG_COMPILER_GLOBAL_ACCENT_COLOR_NAME = AccentColor;
				CODE_SIGN_STYLE = Automatic;
				CURRENT_PROJECT_VERSION = 1;
				DEVELOPMENT_TEAM = ZH5GA3W8UP;
				GENERATE_INFOPLIST_FILE = YES;
				INFOPLIST_FILE = "dca-calculator-demo/Info.plist";
				INFOPLIST_KEY_CFBundleDisplayName = "DCA계산기";
				INFOPLIST_KEY_LSApplicationCategoryType = "public.app-category.finance";
				INFOPLIST_KEY_UIApplicationSupportsIndirectInputEvents = YES;
				INFOPLIST_KEY_UILaunchStoryboardName = LaunchScreen;
				INFOPLIST_KEY_UIMainStoryboardFile = Main;
				INFOPLIST_KEY_UISupportedInterfaceOrientations_iPad = "UIInterfaceOrientationPortrait UIInterfaceOrientationPortraitUpsideDown UIInterfaceOrientationLandscapeLeft UIInterfaceOrientationLandscapeRight";
				INFOPLIST_KEY_UISupportedInterfaceOrientations_iPhone = "UIInterfaceOrientationPortrait UIInterfaceOrientationLandscapeLeft UIInterfaceOrientationLandscapeRight";
				IPHONEOS_DEPLOYMENT_TARGET = 15.0;
				LD_RUNPATH_SEARCH_PATHS = (
					"$(inherited)",
					"@executable_path/Frameworks",
				);
				MARKETING_VERSION = 0.1;
				PRODUCT_BUNDLE_IDENTIFIER = "dev.heon.dca-calculator-demo";
				PRODUCT_NAME = "$(TARGET_NAME)";
				SUPPORTED_PLATFORMS = "iphoneos iphonesimulator";
				SUPPORTS_MACCATALYST = NO;
				SUPPORTS_MAC_DESIGNED_FOR_IPHONE_IPAD = NO;
				SWIFT_EMIT_LOC_STRINGS = YES;
				SWIFT_VERSION = 5.0;
				TARGETED_DEVICE_FAMILY = "1,2";
			};
			name = Release;
		};
/* End XCBuildConfiguration section */

/* Begin XCConfigurationList section */
		3985BDCC29CDEE840001A1F3 /* Build configuration list for PBXProject "dca-calculator-demo" */ = {
			isa = XCConfigurationList;
			buildConfigurations = (
				3985BDE329CDEE840001A1F3 /* Debug */,
				3985BDE429CDEE840001A1F3 /* Release */,
			);
			defaultConfigurationIsVisible = 0;
			defaultConfigurationName = Release;
		};
		3985BDE529CDEE840001A1F3 /* Build configuration list for PBXNativeTarget "dca-calculator-demo" */ = {
			isa = XCConfigurationList;
			buildConfigurations = (
				3985BDE629CDEE840001A1F3 /* Debug */,
				3985BDE729CDEE840001A1F3 /* Release */,
			);
			defaultConfigurationIsVisible = 0;
			defaultConfigurationName = Release;
		};
/* End XCConfigurationList section */

/* Begin XCRemoteSwiftPackageReference section */
		3985BDE829CDF0810001A1F3 /* XCRemoteSwiftPackageReference "MBProgressHUD" */ = {
			isa = XCRemoteSwiftPackageReference;
			repositoryURL = "https://github.com/jdg/MBProgressHUD.git";
			requirement = {
				kind = upToNextMinorVersion;
				minimumVersion = 1.2.0;
			};
		};
		3985BDEB29CDF0CE0001A1F3 /* XCRemoteSwiftPackageReference "Loaf" */ = {
			isa = XCRemoteSwiftPackageReference;
			repositoryURL = "https://github.com/schmidyy/Loaf.git";
			requirement = {
				kind = upToNextMinorVersion;
				minimumVersion = 0.7.0;
			};
		};
/* End XCRemoteSwiftPackageReference section */

/* Begin XCSwiftPackageProductDependency section */
		3985BDE929CDF0810001A1F3 /* MBProgressHUD */ = {
			isa = XCSwiftPackageProductDependency;
			package = 3985BDE829CDF0810001A1F3 /* XCRemoteSwiftPackageReference "MBProgressHUD" */;
			productName = MBProgressHUD;
		};
		3985BDEC29CDF0CE0001A1F3 /* Loaf */ = {
			isa = XCSwiftPackageProductDependency;
			package = 3985BDEB29CDF0CE0001A1F3 /* XCRemoteSwiftPackageReference "Loaf" */;
			productName = Loaf;
		};
/* End XCSwiftPackageProductDependency section */
	};
	rootObject = 3985BDC929CDEE840001A1F3 /* Project object */;
}
